
Microsoft Visual Studio Solution File, Format Version 12.00
# Visual Studio Version 17
VisualStudioVersion = 17.5.33516.290
MinimumVisualStudioVersion = 10.0.40219.1
Project("{FAE04EC0-301F-11D3-BF4B-00C04F79EFBC}") = "cs10_operator", "cs10_operator\cs10_operator.csproj", "{611D26D2-CCA0-45FB-B38A-E03BE1676934}"
EndProject
Project("{FAE04EC0-301F-11D3-BF4B-00C04F79EFBC}") = "cs11_logiccondition", "cs11_logiccondition\cs11_logiccondition.csproj", "{56ED1F95-7C93-4B04-8FE6-2F2696450D9B}"
EndProject
Project("{FAE04EC0-301F-11D3-BF4B-00C04F79EFBC}") = "cs12_method", "cs12_method\cs12_method.csproj", "{632B8DA0-506F-4D0A-9E33-DD43E9457A18}"
EndProject
Global
	GlobalSection(SolutionConfigurationPlatforms) = preSolution
		Debug|Any CPU = Debug|Any CPU
		Release|Any CPU = Release|Any CPU
	EndGlobalSection
	GlobalSection(ProjectConfigurationPlatforms) = postSolution
		{611D26D2-CCA0-45FB-B38A-E03BE1676934}.Debug|Any CPU.ActiveCfg = Debug|Any CPU
		{611D26D2-CCA0-45FB-B38A-E03BE1676934}.Debug|Any CPU.Build.0 = Debug|Any CPU
		{611D26D2-CCA0-45FB-B38A-E03BE1676934}.Release|Any CPU.ActiveCfg = Release|Any CPU
		{611D26D2-CCA0-45FB-B38A-E03BE1676934}.Release|Any CPU.Build.0 = Release|Any CPU
		{56ED1F95-7C93-4B04-8FE6-2F2696450D9B}.Debug|Any CPU.ActiveCfg = Debug|Any CPU
		{56ED1F95-7C93-4B04-8FE6-2F2696450D9B}.Debug|Any CPU.Build.0 = Debug|Any CPU
		{56ED1F95-7C93-4B04-8FE6-2F2696450D9B}.Release|Any CPU.ActiveCfg = Release|Any CPU
		{56ED1F95-7C93-4B04-8FE6-2F2696450D9B}.Release|Any CPU.Build.0 = Release|Any CPU
		{632B8DA0-506F-4D0A-9E33-DD43E9457A18}.Debug|Any CPU.ActiveCfg = Debug|Any CPU
		{632B8DA0-506F-4D0A-9E33-DD43E9457A18}.Debug|Any CPU.Build.0 = Debug|Any CPU
		{632B8DA0-506F-4D0A-9E33-DD43E9457A18}.Release|Any CPU.ActiveCfg = Release|Any CPU
		{632B8DA0-506F-4D0A-9E33-DD43E9457A18}.Release|Any CPU.Build.0 = Release|Any CPU
	EndGlobalSection
	GlobalSection(SolutionProperties) = preSolution
		HideSolutionNode = FALSE
	EndGlobalSection
	GlobalSection(ExtensibilityGlobals) = postSolution
		SolutionGuid = {DB574834-A8C2-4220-AD9D-6064921AC95E}
	EndGlobalSection
EndGlobal
