
Microsoft Visual Studio Solution File, Format Version 12.00
# Visual Studio Version 17
VisualStudioVersion = 17.5.33516.290
MinimumVisualStudioVersion = 10.0.40219.1
Project("{FAE04EC0-301F-11D3-BF4B-00C04F79EFBC}") = "wf08_handling", "wf08_handling.csproj", "{933CD404-F424-4284-9803-DE5D00DE946D}"
EndProject
Global
	GlobalSection(SolutionConfigurationPlatforms) = preSolution
		Debug|Any CPU = Debug|Any CPU
		Release|Any CPU = Release|Any CPU
	EndGlobalSection
	GlobalSection(ProjectConfigurationPlatforms) = postSolution
		{933CD404-F424-4284-9803-DE5D00DE946D}.Debug|Any CPU.ActiveCfg = Debug|Any CPU
		{933CD404-F424-4284-9803-DE5D00DE946D}.Debug|Any CPU.Build.0 = Debug|Any CPU
		{933CD404-F424-4284-9803-DE5D00DE946D}.Release|Any CPU.ActiveCfg = Release|Any CPU
		{933CD404-F424-4284-9803-DE5D00DE946D}.Release|Any CPU.Build.0 = Release|Any CPU
	EndGlobalSection
	GlobalSection(SolutionProperties) = preSolution
		HideSolutionNode = FALSE
	EndGlobalSection
	GlobalSection(ExtensibilityGlobals) = postSolution
		SolutionGuid = {7FDFAEB9-EBDE-41A0-A243-D4F6E0EA2361}
	EndGlobalSection
EndGlobal
