
Microsoft Visual Studio Solution File, Format Version 12.00
# Visual Studio Version 17
VisualStudioVersion = 17.5.33516.290
MinimumVisualStudioVersion = 10.0.40219.1
Project("{FAE04EC0-301F-11D3-BF4B-00C04F79EFBC}") = "wf14_winforms_thread", "wf14_winforms_thread\wf14_winforms_thread.csproj", "{EC5F8636-82DC-4331-84A6-C403A2C7F680}"
EndProject
Project("{FAE04EC0-301F-11D3-BF4B-00C04F79EFBC}") = "wf13_bookrentalshop", "wf13_bookrentalshop\wf13_bookrentalshop.csproj", "{5877D935-5CC4-4D55-A218-9E9C6704A416}"
EndProject
Global
	GlobalSection(SolutionConfigurationPlatforms) = preSolution
		Debug|Any CPU = Debug|Any CPU
		Release|Any CPU = Release|Any CPU
	EndGlobalSection
	GlobalSection(ProjectConfigurationPlatforms) = postSolution
		{EC5F8636-82DC-4331-84A6-C403A2C7F680}.Debug|Any CPU.ActiveCfg = Debug|Any CPU
		{EC5F8636-82DC-4331-84A6-C403A2C7F680}.Debug|Any CPU.Build.0 = Debug|Any CPU
		{EC5F8636-82DC-4331-84A6-C403A2C7F680}.Release|Any CPU.ActiveCfg = Release|Any CPU
		{EC5F8636-82DC-4331-84A6-C403A2C7F680}.Release|Any CPU.Build.0 = Release|Any CPU
		{5877D935-5CC4-4D55-A218-9E9C6704A416}.Debug|Any CPU.ActiveCfg = Debug|Any CPU
		{5877D935-5CC4-4D55-A218-9E9C6704A416}.Debug|Any CPU.Build.0 = Debug|Any CPU
		{5877D935-5CC4-4D55-A218-9E9C6704A416}.Release|Any CPU.ActiveCfg = Release|Any CPU
		{5877D935-5CC4-4D55-A218-9E9C6704A416}.Release|Any CPU.Build.0 = Release|Any CPU
	EndGlobalSection
	GlobalSection(SolutionProperties) = preSolution
		HideSolutionNode = FALSE
	EndGlobalSection
	GlobalSection(ExtensibilityGlobals) = postSolution
		SolutionGuid = {6AB48F4B-F6F9-46BE-8366-FAA8757F77DF}
	EndGlobalSection
EndGlobal
