
Microsoft Visual Studio Solution File, Format Version 12.00
# Visual Studio Version 17
VisualStudioVersion = 17.5.33516.290
MinimumVisualStudioVersion = 10.0.40219.1
Project("{FAE04EC0-301F-11D3-BF4B-00C04F79EFBC}") = "wf04_filecopy", "wf04_filecopy\wf04_filecopy.csproj", "{F3501E2C-0876-4221-96E5-CF29A97252E0}"
EndProject
Project("{FAE04EC0-301F-11D3-BF4B-00C04F79EFBC}") = "wf05_login", "wf05_login\wf05_login.csproj", "{42B4E24B-0E61-4500-A40B-1EAA1DA85342}"
EndProject
Global
	GlobalSection(SolutionConfigurationPlatforms) = preSolution
		Debug|Any CPU = Debug|Any CPU
		Release|Any CPU = Release|Any CPU
	EndGlobalSection
	GlobalSection(ProjectConfigurationPlatforms) = postSolution
		{F3501E2C-0876-4221-96E5-CF29A97252E0}.Debug|Any CPU.ActiveCfg = Debug|Any CPU
		{F3501E2C-0876-4221-96E5-CF29A97252E0}.Debug|Any CPU.Build.0 = Debug|Any CPU
		{F3501E2C-0876-4221-96E5-CF29A97252E0}.Release|Any CPU.ActiveCfg = Release|Any CPU
		{F3501E2C-0876-4221-96E5-CF29A97252E0}.Release|Any CPU.Build.0 = Release|Any CPU
		{42B4E24B-0E61-4500-A40B-1EAA1DA85342}.Debug|Any CPU.ActiveCfg = Debug|Any CPU
		{42B4E24B-0E61-4500-A40B-1EAA1DA85342}.Debug|Any CPU.Build.0 = Debug|Any CPU
		{42B4E24B-0E61-4500-A40B-1EAA1DA85342}.Release|Any CPU.ActiveCfg = Release|Any CPU
		{42B4E24B-0E61-4500-A40B-1EAA1DA85342}.Release|Any CPU.Build.0 = Release|Any CPU
	EndGlobalSection
	GlobalSection(SolutionProperties) = preSolution
		HideSolutionNode = FALSE
	EndGlobalSection
	GlobalSection(ExtensibilityGlobals) = postSolution
		SolutionGuid = {6FDEC3BE-3890-4C53-8D38-3CFF4B88B9FD}
	EndGlobalSection
EndGlobal
